
Microsoft Visual Studio Solution File, Format Version 12.00
# Visual Studio Version 16
VisualStudioVersion = 16.0.30104.148
MinimumVisualStudioVersion = 10.0.40219.1
Project("{FAE04EC0-301F-11D3-BF4B-00C04F79EFBC}") = "assignment2", "assignment2.csproj", "{EA8D525F-2CE2-43A1-B501-C834E2B4E474}"
EndProject
Global
	GlobalSection(SolutionConfigurationPlatforms) = preSolution
		Debug|Any CPU = Debug|Any CPU
		Release|Any CPU = Release|Any CPU
	EndGlobalSection
	GlobalSection(ProjectConfigurationPlatforms) = postSolution
		{EA8D525F-2CE2-43A1-B501-C834E2B4E474}.Debug|Any CPU.ActiveCfg = Debug|Any CPU
		{EA8D525F-2CE2-43A1-B501-C834E2B4E474}.Debug|Any CPU.Build.0 = Debug|Any CPU
		{EA8D525F-2CE2-43A1-B501-C834E2B4E474}.Release|Any CPU.ActiveCfg = Release|Any CPU
		{EA8D525F-2CE2-43A1-B501-C834E2B4E474}.Release|Any CPU.Build.0 = Release|Any CPU
	EndGlobalSection
	GlobalSection(SolutionProperties) = preSolution
		HideSolutionNode = FALSE
	EndGlobalSection
	GlobalSection(ExtensibilityGlobals) = postSolution
		SolutionGuid = {7D586335-D99A-4987-BABA-304FB63CA1AC}
	EndGlobalSection
EndGlobal
